# @generated by Move, please check-in and do not edit manually.

[move]
version = 3
manifest_digest = "2D29DB194775AF1D224398B05ED7B89A458AE4717580D625DA1CE5BB59084298"
deps_digest = "F8BBB0CCB2491CA29A3DF03D6F92277A4F3574266507ACD77214D37ECA3F3082"
dependencies = [
  { id = "Sui", name = "Sui" },
]

[[move.package]]
id = "MoveStdlib"
source = { git = "https://github.com/MystenLabs/sui.git", rev = "framework/testnet", subdir = "crates/sui-framework/packages/move-stdlib" }

[[move.package]]
id = "Sui"
source = { git = "https://github.com/MystenLabs/sui.git", rev = "framework/testnet", subdir = "crates/sui-framework/packages/sui-framework" }

dependencies = [
  { id = "MoveStdlib", name = "MoveStdlib" },
]

[move.toolchain-version]
compiler-version = "1.48.1"
edition = "2024"
flavor = "sui"

[env]

[env.testnet]
chain-id = "4c78adac"
original-published-id = "0x3113324e84c22ce4925d642f2c2ead709a8a8aaf0928cd23873ddec6f31a1440"
latest-published-id = "0x3113324e84c22ce4925d642f2c2ead709a8a8aaf0928cd23873ddec6f31a1440"
published-version = "1"
